// !$*UTF8*$!
{
	archiveVersion = 1;
	classes = {
	};
	objectVersion = 56;
	objects = {

/* Begin PBXBuildFile section */
		BF20400A2BBCF91F00B38D0E /* SpotifyPlaylistView.swift in Sources */ = {isa = PBXBuildFile; fileRef = BF2040092BBCF91F00B38D0E /* SpotifyPlaylistView.swift */; };
		BF20400C2BBCF96A00B38D0E /* PlaylistHeaderCell.swift in Sources */ = {isa = PBXBuildFile; fileRef = BF20400B2BBCF96A00B38D0E /* PlaylistHeaderCell.swift */; };
		BF20400E2BBD00FB00B38D0E /* PlaylistDescriptionCell.swift in Sources */ = {isa = PBXBuildFile; fileRef = BF20400D2BBD00FB00B38D0E /* PlaylistDescriptionCell.swift */; };
		BF5A18ED2BB5185A0049A7A9 /* SwiftfulSwitUIinPracticeApp.swift in Sources */ = {isa = PBXBuildFile; fileRef = BF5A18EC2BB5185A0049A7A9 /* SwiftfulSwitUIinPracticeApp.swift */; };
		BF5A18EF2BB5185A0049A7A9 /* ContentView.swift in Sources */ = {isa = PBXBuildFile; fileRef = BF5A18EE2BB5185A0049A7A9 /* ContentView.swift */; };
		BF5A18F12BB5185B0049A7A9 /* Assets.xcassets in Resources */ = {isa = PBXBuildFile; fileRef = BF5A18F02BB5185B0049A7A9 /* Assets.xcassets */; };
		BF5A18F52BB5185B0049A7A9 /* Preview Assets.xcassets in Resources */ = {isa = PBXBuildFile; fileRef = BF5A18F42BB5185B0049A7A9 /* Preview Assets.xcassets */; };
		BF5A18FD2BB519C50049A7A9 /* SDWebImageSwiftUI in Frameworks */ = {isa = PBXBuildFile; productRef = BF5A18FC2BB519C50049A7A9 /* SDWebImageSwiftUI */; };
		BF5A19002BB51A2D0049A7A9 /* ImageLoaderView.swift in Sources */ = {isa = PBXBuildFile; fileRef = BF5A18FF2BB51A2D0049A7A9 /* ImageLoaderView.swift */; };
		BF5A19022BB51B480049A7A9 /* Constants.swift in Sources */ = {isa = PBXBuildFile; fileRef = BF5A19012BB51B480049A7A9 /* Constants.swift */; };
		BF5A19042BB51DF50049A7A9 /* DatabaseHelper.swift in Sources */ = {isa = PBXBuildFile; fileRef = BF5A19032BB51DF50049A7A9 /* DatabaseHelper.swift */; };
		BF5A19062BB523FF0049A7A9 /* Product.swift in Sources */ = {isa = PBXBuildFile; fileRef = BF5A19052BB523FF0049A7A9 /* Product.swift */; };
		BF5A19082BB524190049A7A9 /* User.swift in Sources */ = {isa = PBXBuildFile; fileRef = BF5A19072BB524190049A7A9 /* User.swift */; };
		BF5A190B2BB5265E0049A7A9 /* SwiftfulUI in Frameworks */ = {isa = PBXBuildFile; productRef = BF5A190A2BB5265E0049A7A9 /* SwiftfulUI */; };
		BF5A190E2BB527500049A7A9 /* SwiftfulRouting in Frameworks */ = {isa = PBXBuildFile; productRef = BF5A190D2BB527500049A7A9 /* SwiftfulRouting */; };
		BF5A19132BB52C2E0049A7A9 /* SpotifyHomeView.swift in Sources */ = {isa = PBXBuildFile; fileRef = BF5A19122BB52C2E0049A7A9 /* SpotifyHomeView.swift */; };
		BF5A19152BB53B9A0049A7A9 /* SpotifyCategoryCell.swift in Sources */ = {isa = PBXBuildFile; fileRef = BF5A19142BB53B9A0049A7A9 /* SpotifyCategoryCell.swift */; };
		BF5A19182BB53F9F0049A7A9 /* Category.swift in Sources */ = {isa = PBXBuildFile; fileRef = BF5A19172BB53F9F0049A7A9 /* Category.swift */; };
		BF619C772BBBB037007DFBEB /* SpotifyRecentsCell.swift in Sources */ = {isa = PBXBuildFile; fileRef = BF619C762BBBB036007DFBEB /* SpotifyRecentsCell.swift */; };
		BF619C792BBBB80C007DFBEB /* SpotifyNewReleaseCell.swift in Sources */ = {isa = PBXBuildFile; fileRef = BF619C782BBBB80C007DFBEB /* SpotifyNewReleaseCell.swift */; };
		BF92DDCF2BBBCF3B00F2A131 /* ImageTitleRowCell.swift in Sources */ = {isa = PBXBuildFile; fileRef = BF92DDCE2BBBCF3B00F2A131 /* ImageTitleRowCell.swift */; };
/* End PBXBuildFile section */

/* Begin PBXFileReference section */
		BF2040092BBCF91F00B38D0E /* SpotifyPlaylistView.swift */ = {isa = PBXFileReference; lastKnownFileType = sourcecode.swift; path = SpotifyPlaylistView.swift; sourceTree = "<group>"; };
		BF20400B2BBCF96A00B38D0E /* PlaylistHeaderCell.swift */ = {isa = PBXFileReference; lastKnownFileType = sourcecode.swift; path = PlaylistHeaderCell.swift; sourceTree = "<group>"; };
		BF20400D2BBD00FB00B38D0E /* PlaylistDescriptionCell.swift */ = {isa = PBXFileReference; lastKnownFileType = sourcecode.swift; path = PlaylistDescriptionCell.swift; sourceTree = "<group>"; };
		BF5A18E92BB5185A0049A7A9 /* SwiftfulSwitUIinPractice.app */ = {isa = PBXFileReference; explicitFileType = wrapper.application; includeInIndex = 0; path = SwiftfulSwitUIinPractice.app; sourceTree = BUILT_PRODUCTS_DIR; };
		BF5A18EC2BB5185A0049A7A9 /* SwiftfulSwitUIinPracticeApp.swift */ = {isa = PBXFileReference; lastKnownFileType = sourcecode.swift; path = SwiftfulSwitUIinPracticeApp.swift; sourceTree = "<group>"; };
		BF5A18EE2BB5185A0049A7A9 /* ContentView.swift */ = {isa = PBXFileReference; lastKnownFileType = sourcecode.swift; path = ContentView.swift; sourceTree = "<group>"; };
		BF5A18F02BB5185B0049A7A9 /* Assets.xcassets */ = {isa = PBXFileReference; lastKnownFileType = folder.assetcatalog; path = Assets.xcassets; sourceTree = "<group>"; };
		BF5A18F22BB5185B0049A7A9 /* SwiftfulSwitUIinPractice.entitlements */ = {isa = PBXFileReference; lastKnownFileType = text.plist.entitlements; path = SwiftfulSwitUIinPractice.entitlements; sourceTree = "<group>"; };
		BF5A18F42BB5185B0049A7A9 /* Preview Assets.xcassets */ = {isa = PBXFileReference; lastKnownFileType = folder.assetcatalog; path = "Preview Assets.xcassets"; sourceTree = "<group>"; };
		BF5A18FF2BB51A2D0049A7A9 /* ImageLoaderView.swift */ = {isa = PBXFileReference; lastKnownFileType = sourcecode.swift; path = ImageLoaderView.swift; sourceTree = "<group>"; };
		BF5A19012BB51B480049A7A9 /* Constants.swift */ = {isa = PBXFileReference; lastKnownFileType = sourcecode.swift; path = Constants.swift; sourceTree = "<group>"; };
		BF5A19032BB51DF50049A7A9 /* DatabaseHelper.swift */ = {isa = PBXFileReference; lastKnownFileType = sourcecode.swift; path = DatabaseHelper.swift; sourceTree = "<group>"; };
		BF5A19052BB523FF0049A7A9 /* Product.swift */ = {isa = PBXFileReference; lastKnownFileType = sourcecode.swift; path = Product.swift; sourceTree = "<group>"; };
		BF5A19072BB524190049A7A9 /* User.swift */ = {isa = PBXFileReference; lastKnownFileType = sourcecode.swift; path = User.swift; sourceTree = "<group>"; };
		BF5A19122BB52C2E0049A7A9 /* SpotifyHomeView.swift */ = {isa = PBXFileReference; lastKnownFileType = sourcecode.swift; path = SpotifyHomeView.swift; sourceTree = "<group>"; };
		BF5A19142BB53B9A0049A7A9 /* SpotifyCategoryCell.swift */ = {isa = PBXFileReference; lastKnownFileType = sourcecode.swift; path = SpotifyCategoryCell.swift; sourceTree = "<group>"; };
		BF5A19172BB53F9F0049A7A9 /* Category.swift */ = {isa = PBXFileReference; lastKnownFileType = sourcecode.swift; path = Category.swift; sourceTree = "<group>"; };
		BF619C762BBBB036007DFBEB /* SpotifyRecentsCell.swift */ = {isa = PBXFileReference; lastKnownFileType = sourcecode.swift; path = SpotifyRecentsCell.swift; sourceTree = "<group>"; };
		BF619C782BBBB80C007DFBEB /* SpotifyNewReleaseCell.swift */ = {isa = PBXFileReference; lastKnownFileType = sourcecode.swift; path = SpotifyNewReleaseCell.swift; sourceTree = "<group>"; };
		BF92DDCE2BBBCF3B00F2A131 /* ImageTitleRowCell.swift */ = {isa = PBXFileReference; lastKnownFileType = sourcecode.swift; path = ImageTitleRowCell.swift; sourceTree = "<group>"; };
/* End PBXFileReference section */

/* Begin PBXFrameworksBuildPhase section */
		BF5A18E62BB5185A0049A7A9 /* Frameworks */ = {
			isa = PBXFrameworksBuildPhase;
			buildActionMask = 2147483647;
			files = (
				BF5A190B2BB5265E0049A7A9 /* SwiftfulUI in Frameworks */,
				BF5A190E2BB527500049A7A9 /* SwiftfulRouting in Frameworks */,
				BF5A18FD2BB519C50049A7A9 /* SDWebImageSwiftUI in Frameworks */,
			);
			runOnlyForDeploymentPostprocessing = 0;
		};
/* End PBXFrameworksBuildPhase section */

/* Begin PBXGroup section */
		BF5A18E02BB5185A0049A7A9 = {
			isa = PBXGroup;
			children = (
				BF5A18EB2BB5185A0049A7A9 /* SwiftfulSwitUIinPractice */,
				BF5A18EA2BB5185A0049A7A9 /* Products */,
			);
			sourceTree = "<group>";
		};
		BF5A18EA2BB5185A0049A7A9 /* Products */ = {
			isa = PBXGroup;
			children = (
				BF5A18E92BB5185A0049A7A9 /* SwiftfulSwitUIinPractice.app */,
			);
			name = Products;
			sourceTree = "<group>";
		};
		BF5A18EB2BB5185A0049A7A9 /* SwiftfulSwitUIinPractice */ = {
			isa = PBXGroup;
			children = (
				BF5A18EC2BB5185A0049A7A9 /* SwiftfulSwitUIinPracticeApp.swift */,
				BF5A18EE2BB5185A0049A7A9 /* ContentView.swift */,
				BF5A190F2BB52BDC0049A7A9 /* Spotify */,
				BF5A18FE2BB51A010049A7A9 /* Shared */,
				BF5A18F02BB5185B0049A7A9 /* Assets.xcassets */,
				BF5A18F22BB5185B0049A7A9 /* SwiftfulSwitUIinPractice.entitlements */,
				BF5A18F32BB5185B0049A7A9 /* Preview Content */,
			);
			path = SwiftfulSwitUIinPractice;
			sourceTree = "<group>";
		};
		BF5A18F32BB5185B0049A7A9 /* Preview Content */ = {
			isa = PBXGroup;
			children = (
				BF5A18F42BB5185B0049A7A9 /* Preview Assets.xcassets */,
			);
			path = "Preview Content";
			sourceTree = "<group>";
		};
		BF5A18FE2BB51A010049A7A9 /* Shared */ = {
			isa = PBXGroup;
			children = (
				BF5A18FF2BB51A2D0049A7A9 /* ImageLoaderView.swift */,
				BF5A19012BB51B480049A7A9 /* Constants.swift */,
				BF5A19032BB51DF50049A7A9 /* DatabaseHelper.swift */,
				BF5A19052BB523FF0049A7A9 /* Product.swift */,
				BF5A19072BB524190049A7A9 /* User.swift */,
			);
			path = Shared;
			sourceTree = "<group>";
		};
		BF5A190F2BB52BDC0049A7A9 /* Spotify */ = {
			isa = PBXGroup;
			children = (
				BF5A19162BB53F870049A7A9 /* Model */,
				BF5A19112BB52BFF0049A7A9 /* Components */,
				BF5A19102BB52BF90049A7A9 /* Core */,
			);
			path = Spotify;
			sourceTree = "<group>";
		};
		BF5A19102BB52BF90049A7A9 /* Core */ = {
			isa = PBXGroup;
			children = (
				BF5A19122BB52C2E0049A7A9 /* SpotifyHomeView.swift */,
				BF2040092BBCF91F00B38D0E /* SpotifyPlaylistView.swift */,
			);
			path = Core;
			sourceTree = "<group>";
		};
		BF5A19112BB52BFF0049A7A9 /* Components */ = {
			isa = PBXGroup;
			children = (
				BF5A19142BB53B9A0049A7A9 /* SpotifyCategoryCell.swift */,
				BF619C762BBBB036007DFBEB /* SpotifyRecentsCell.swift */,
				BF619C782BBBB80C007DFBEB /* SpotifyNewReleaseCell.swift */,
				BF92DDCE2BBBCF3B00F2A131 /* ImageTitleRowCell.swift */,
				BF20400B2BBCF96A00B38D0E /* PlaylistHeaderCell.swift */,
				BF20400D2BBD00FB00B38D0E /* PlaylistDescriptionCell.swift */,
			);
			path = Components;
			sourceTree = "<group>";
		};
		BF5A19162BB53F870049A7A9 /* Model */ = {
			isa = PBXGroup;
			children = (
				BF5A19172BB53F9F0049A7A9 /* Category.swift */,
			);
			path = Model;
			sourceTree = "<group>";
		};
/* End PBXGroup section */

/* Begin PBXNativeTarget section */
		BF5A18E82BB5185A0049A7A9 /* SwiftfulSwitUIinPractice */ = {
			isa = PBXNativeTarget;
			buildConfigurationList = BF5A18F82BB5185B0049A7A9 /* Build configuration list for PBXNativeTarget "SwiftfulSwitUIinPractice" */;
			buildPhases = (
				BF5A18E52BB5185A0049A7A9 /* Sources */,
				BF5A18E62BB5185A0049A7A9 /* Frameworks */,
				BF5A18E72BB5185A0049A7A9 /* Resources */,
			);
			buildRules = (
			);
			dependencies = (
			);
			name = SwiftfulSwitUIinPractice;
			packageProductDependencies = (
				BF5A18FC2BB519C50049A7A9 /* SDWebImageSwiftUI */,
				BF5A190A2BB5265E0049A7A9 /* SwiftfulUI */,
				BF5A190D2BB527500049A7A9 /* SwiftfulRouting */,
			);
			productName = SwiftfulSwitUIinPractice;
			productReference = BF5A18E92BB5185A0049A7A9 /* SwiftfulSwitUIinPractice.app */;
			productType = "com.apple.product-type.application";
		};
/* End PBXNativeTarget section */

/* Begin PBXProject section */
		BF5A18E12BB5185A0049A7A9 /* Project object */ = {
			isa = PBXProject;
			attributes = {
				BuildIndependentTargetsInParallel = 1;
				LastSwiftUpdateCheck = 1530;
				LastUpgradeCheck = 1530;
				TargetAttributes = {
					BF5A18E82BB5185A0049A7A9 = {
						CreatedOnToolsVersion = 15.3;
					};
				};
			};
			buildConfigurationList = BF5A18E42BB5185A0049A7A9 /* Build configuration list for PBXProject "SwiftfulSwitUIinPractice" */;
			compatibilityVersion = "Xcode 14.0";
			developmentRegion = en;
			hasScannedForEncodings = 0;
			knownRegions = (
				en,
				Base,
			);
			mainGroup = BF5A18E02BB5185A0049A7A9;
			packageReferences = (
				BF5A18FB2BB519C50049A7A9 /* XCRemoteSwiftPackageReference "SDWebImageSwiftUI" */,
				BF5A19092BB5265E0049A7A9 /* XCRemoteSwiftPackageReference "SwiftfulUI" */,
				BF5A190C2BB527500049A7A9 /* XCRemoteSwiftPackageReference "SwiftfulRouting" */,
			);
			productRefGroup = BF5A18EA2BB5185A0049A7A9 /* Products */;
			projectDirPath = "";
			projectRoot = "";
			targets = (
				BF5A18E82BB5185A0049A7A9 /* SwiftfulSwitUIinPractice */,
			);
		};
/* End PBXProject section */

/* Begin PBXResourcesBuildPhase section */
		BF5A18E72BB5185A0049A7A9 /* Resources */ = {
			isa = PBXResourcesBuildPhase;
			buildActionMask = 2147483647;
			files = (
				BF5A18F52BB5185B0049A7A9 /* Preview Assets.xcassets in Resources */,
				BF5A18F12BB5185B0049A7A9 /* Assets.xcassets in Resources */,
			);
			runOnlyForDeploymentPostprocessing = 0;
		};
/* End PBXResourcesBuildPhase section */

/* Begin PBXSourcesBuildPhase section */
		BF5A18E52BB5185A0049A7A9 /* Sources */ = {
			isa = PBXSourcesBuildPhase;
			buildActionMask = 2147483647;
			files = (
				BF5A19002BB51A2D0049A7A9 /* ImageLoaderView.swift in Sources */,
				BF5A19182BB53F9F0049A7A9 /* Category.swift in Sources */,
				BF5A19152BB53B9A0049A7A9 /* SpotifyCategoryCell.swift in Sources */,
				BF619C792BBBB80C007DFBEB /* SpotifyNewReleaseCell.swift in Sources */,
				BF20400C2BBCF96A00B38D0E /* PlaylistHeaderCell.swift in Sources */,
				BF5A19042BB51DF50049A7A9 /* DatabaseHelper.swift in Sources */,
				BF5A19132BB52C2E0049A7A9 /* SpotifyHomeView.swift in Sources */,
				BF92DDCF2BBBCF3B00F2A131 /* ImageTitleRowCell.swift in Sources */,
				BF20400A2BBCF91F00B38D0E /* SpotifyPlaylistView.swift in Sources */,
				BF5A18EF2BB5185A0049A7A9 /* ContentView.swift in Sources */,
				BF5A18ED2BB5185A0049A7A9 /* SwiftfulSwitUIinPracticeApp.swift in Sources */,
				BF5A19022BB51B480049A7A9 /* Constants.swift in Sources */,
				BF619C772BBBB037007DFBEB /* SpotifyRecentsCell.swift in Sources */,
				BF5A19062BB523FF0049A7A9 /* Product.swift in Sources */,
				BF20400E2BBD00FB00B38D0E /* PlaylistDescriptionCell.swift in Sources */,
				BF5A19082BB524190049A7A9 /* User.swift in Sources */,
			);
			runOnlyForDeploymentPostprocessing = 0;
		};
/* End PBXSourcesBuildPhase section */

/* Begin XCBuildConfiguration section */
		BF5A18F62BB5185B0049A7A9 /* Debug */ = {
			isa = XCBuildConfiguration;
			buildSettings = {
				ALWAYS_SEARCH_USER_PATHS = NO;
				ASSETCATALOG_COMPILER_GENERATE_SWIFT_ASSET_SYMBOL_EXTENSIONS = YES;
				CLANG_ANALYZER_NONNULL = YES;
				CLANG_ANALYZER_NUMBER_OBJECT_CONVERSION = YES_AGGRESSIVE;
				CLANG_CXX_LANGUAGE_STANDARD = "gnu++20";
				CLANG_ENABLE_MODULES = YES;
				CLANG_ENABLE_OBJC_ARC = YES;
				CLANG_ENABLE_OBJC_WEAK = YES;
				CLANG_WARN_BLOCK_CAPTURE_AUTORELEASING = YES;
				CLANG_WARN_BOOL_CONVERSION = YES;
				CLANG_WARN_COMMA = YES;
				CLANG_WARN_CONSTANT_CONVERSION = YES;
				CLANG_WARN_DEPRECATED_OBJC_IMPLEMENTATIONS = YES;
				CLANG_WARN_DIRECT_OBJC_ISA_USAGE = YES_ERROR;
				CLANG_WARN_DOCUMENTATION_COMMENTS = YES;
				CLANG_WARN_EMPTY_BODY = YES;
				CLANG_WARN_ENUM_CONVERSION = YES;
				CLANG_WARN_INFINITE_RECURSION = YES;
				CLANG_WARN_INT_CONVERSION = YES;
				CLANG_WARN_NON_LITERAL_NULL_CONVERSION = YES;
				CLANG_WARN_OBJC_IMPLICIT_RETAIN_SELF = YES;
				CLANG_WARN_OBJC_LITERAL_CONVERSION = YES;
				CLANG_WARN_OBJC_ROOT_CLASS = YES_ERROR;
				CLANG_WARN_QUOTED_INCLUDE_IN_FRAMEWORK_HEADER = YES;
				CLANG_WARN_RANGE_LOOP_ANALYSIS = YES;
				CLANG_WARN_STRICT_PROTOTYPES = YES;
				CLANG_WARN_SUSPICIOUS_MOVE = YES;
				CLANG_WARN_UNGUARDED_AVAILABILITY = YES_AGGRESSIVE;
				CLANG_WARN_UNREACHABLE_CODE = YES;
				CLANG_WARN__DUPLICATE_METHOD_MATCH = YES;
				COPY_PHASE_STRIP = NO;
				DEBUG_INFORMATION_FORMAT = dwarf;
				ENABLE_STRICT_OBJC_MSGSEND = YES;
				ENABLE_TESTABILITY = YES;
				ENABLE_USER_SCRIPT_SANDBOXING = YES;
				GCC_C_LANGUAGE_STANDARD = gnu17;
				GCC_DYNAMIC_NO_PIC = NO;
				GCC_NO_COMMON_BLOCKS = YES;
				GCC_OPTIMIZATION_LEVEL = 0;
				GCC_PREPROCESSOR_DEFINITIONS = (
					"DEBUG=1",
					"$(inherited)",
				);
				GCC_WARN_64_TO_32_BIT_CONVERSION = YES;
				GCC_WARN_ABOUT_RETURN_TYPE = YES_ERROR;
				GCC_WARN_UNDECLARED_SELECTOR = YES;
				GCC_WARN_UNINITIALIZED_AUTOS = YES_AGGRESSIVE;
				GCC_WARN_UNUSED_FUNCTION = YES;
				GCC_WARN_UNUSED_VARIABLE = YES;
				LOCALIZATION_PREFERS_STRING_CATALOGS = YES;
				MTL_ENABLE_DEBUG_INFO = INCLUDE_SOURCE;
				MTL_FAST_MATH = YES;
				ONLY_ACTIVE_ARCH = YES;
				SWIFT_ACTIVE_COMPILATION_CONDITIONS = "DEBUG $(inherited)";
				SWIFT_OPTIMIZATION_LEVEL = "-Onone";
			};
			name = Debug;
		};
		BF5A18F72BB5185B0049A7A9 /* Release */ = {
			isa = XCBuildConfiguration;
			buildSettings = {
				ALWAYS_SEARCH_USER_PATHS = NO;
				ASSETCATALOG_COMPILER_GENERATE_SWIFT_ASSET_SYMBOL_EXTENSIONS = YES;
				CLANG_ANALYZER_NONNULL = YES;
				CLANG_ANALYZER_NUMBER_OBJECT_CONVERSION = YES_AGGRESSIVE;
				CLANG_CXX_LANGUAGE_STANDARD = "gnu++20";
				CLANG_ENABLE_MODULES = YES;
				CLANG_ENABLE_OBJC_ARC = YES;
				CLANG_ENABLE_OBJC_WEAK = YES;
				CLANG_WARN_BLOCK_CAPTURE_AUTORELEASING = YES;
				CLANG_WARN_BOOL_CONVERSION = YES;
				CLANG_WARN_COMMA = YES;
				CLANG_WARN_CONSTANT_CONVERSION = YES;
				CLANG_WARN_DEPRECATED_OBJC_IMPLEMENTATIONS = YES;
				CLANG_WARN_DIRECT_OBJC_ISA_USAGE = YES_ERROR;
				CLANG_WARN_DOCUMENTATION_COMMENTS = YES;
				CLANG_WARN_EMPTY_BODY = YES;
				CLANG_WARN_ENUM_CONVERSION = YES;
				CLANG_WARN_INFINITE_RECURSION = YES;
				CLANG_WARN_INT_CONVERSION = YES;
				CLANG_WARN_NON_LITERAL_NULL_CONVERSION = YES;
				CLANG_WARN_OBJC_IMPLICIT_RETAIN_SELF = YES;
				CLANG_WARN_OBJC_LITERAL_CONVERSION = YES;
				CLANG_WARN_OBJC_ROOT_CLASS = YES_ERROR;
				CLANG_WARN_QUOTED_INCLUDE_IN_FRAMEWORK_HEADER = YES;
				CLANG_WARN_RANGE_LOOP_ANALYSIS = YES;
				CLANG_WARN_STRICT_PROTOTYPES = YES;
				CLANG_WARN_SUSPICIOUS_MOVE = YES;
				CLANG_WARN_UNGUARDED_AVAILABILITY = YES_AGGRESSIVE;
				CLANG_WARN_UNREACHABLE_CODE = YES;
				CLANG_WARN__DUPLICATE_METHOD_MATCH = YES;
				COPY_PHASE_STRIP = NO;
				DEBUG_INFORMATION_FORMAT = "dwarf-with-dsym";
				ENABLE_NS_ASSERTIONS = NO;
				ENABLE_STRICT_OBJC_MSGSEND = YES;
				ENABLE_USER_SCRIPT_SANDBOXING = YES;
				GCC_C_LANGUAGE_STANDARD = gnu17;
				GCC_NO_COMMON_BLOCKS = YES;
				GCC_WARN_64_TO_32_BIT_CONVERSION = YES;
				GCC_WARN_ABOUT_RETURN_TYPE = YES_ERROR;
				GCC_WARN_UNDECLARED_SELECTOR = YES;
				GCC_WARN_UNINITIALIZED_AUTOS = YES_AGGRESSIVE;
				GCC_WARN_UNUSED_FUNCTION = YES;
				GCC_WARN_UNUSED_VARIABLE = YES;
				LOCALIZATION_PREFERS_STRING_CATALOGS = YES;
				MTL_ENABLE_DEBUG_INFO = NO;
				MTL_FAST_MATH = YES;
				SWIFT_COMPILATION_MODE = wholemodule;
			};
			name = Release;
		};
		BF5A18F92BB5185B0049A7A9 /* Debug */ = {
			isa = XCBuildConfiguration;
			buildSettings = {
				ASSETCATALOG_COMPILER_APPICON_NAME = AppIcon;
				ASSETCATALOG_COMPILER_GLOBAL_ACCENT_COLOR_NAME = AccentColor;
				CODE_SIGN_ENTITLEMENTS = SwiftfulSwitUIinPractice/SwiftfulSwitUIinPractice.entitlements;
				CODE_SIGN_STYLE = Automatic;
				CURRENT_PROJECT_VERSION = 1;
				DEVELOPMENT_ASSET_PATHS = "\"SwiftfulSwitUIinPractice/Preview Content\"";
				DEVELOPMENT_TEAM = T9MD4URZFH;
				ENABLE_HARDENED_RUNTIME = YES;
				ENABLE_PREVIEWS = YES;
				GENERATE_INFOPLIST_FILE = YES;
				"INFOPLIST_KEY_UIApplicationSceneManifest_Generation[sdk=iphoneos*]" = YES;
				"INFOPLIST_KEY_UIApplicationSceneManifest_Generation[sdk=iphonesimulator*]" = YES;
				"INFOPLIST_KEY_UIApplicationSupportsIndirectInputEvents[sdk=iphoneos*]" = YES;
				"INFOPLIST_KEY_UIApplicationSupportsIndirectInputEvents[sdk=iphonesimulator*]" = YES;
				"INFOPLIST_KEY_UILaunchScreen_Generation[sdk=iphoneos*]" = YES;
				"INFOPLIST_KEY_UILaunchScreen_Generation[sdk=iphonesimulator*]" = YES;
				"INFOPLIST_KEY_UIStatusBarStyle[sdk=iphoneos*]" = UIStatusBarStyleDefault;
				"INFOPLIST_KEY_UIStatusBarStyle[sdk=iphonesimulator*]" = UIStatusBarStyleDefault;
				INFOPLIST_KEY_UISupportedInterfaceOrientations_iPad = "UIInterfaceOrientationPortrait UIInterfaceOrientationPortraitUpsideDown UIInterfaceOrientationLandscapeLeft UIInterfaceOrientationLandscapeRight";
				INFOPLIST_KEY_UISupportedInterfaceOrientations_iPhone = "UIInterfaceOrientationPortrait UIInterfaceOrientationLandscapeLeft UIInterfaceOrientationLandscapeRight";
				IPHONEOS_DEPLOYMENT_TARGET = 17.4;
				LD_RUNPATH_SEARCH_PATHS = "@executable_path/Frameworks";
				"LD_RUNPATH_SEARCH_PATHS[sdk=macosx*]" = "@executable_path/../Frameworks";
				MACOSX_DEPLOYMENT_TARGET = 14.3;
				MARKETING_VERSION = 1.0;
				PRODUCT_BUNDLE_IDENTIFIER = com.superkookai.SwiftfulSwitUIinPractice;
				PRODUCT_NAME = "$(TARGET_NAME)";
				SDKROOT = auto;
				SUPPORTED_PLATFORMS = "iphoneos iphonesimulator macosx";
				SWIFT_EMIT_LOC_STRINGS = YES;
				SWIFT_VERSION = 5.0;
				TARGETED_DEVICE_FAMILY = "1,2";
			};
			name = Debug;
		};
		BF5A18FA2BB5185B0049A7A9 /* Release */ = {
			isa = XCBuildConfiguration;
			buildSettings = {
				ASSETCATALOG_COMPILER_APPICON_NAME = AppIcon;
				ASSETCATALOG_COMPILER_GLOBAL_ACCENT_COLOR_NAME = AccentColor;
				CODE_SIGN_ENTITLEMENTS = SwiftfulSwitUIinPractice/SwiftfulSwitUIinPractice.entitlements;
				CODE_SIGN_STYLE = Automatic;
				CURRENT_PROJECT_VERSION = 1;
				DEVELOPMENT_ASSET_PATHS = "\"SwiftfulSwitUIinPractice/Preview Content\"";
				DEVELOPMENT_TEAM = T9MD4URZFH;
				ENABLE_HARDENED_RUNTIME = YES;
				ENABLE_PREVIEWS = YES;
				GENERATE_INFOPLIST_FILE = YES;
				"INFOPLIST_KEY_UIApplicationSceneManifest_Generation[sdk=iphoneos*]" = YES;
				"INFOPLIST_KEY_UIApplicationSceneManifest_Generation[sdk=iphonesimulator*]" = YES;
				"INFOPLIST_KEY_UIApplicationSupportsIndirectInputEvents[sdk=iphoneos*]" = YES;
				"INFOPLIST_KEY_UIApplicationSupportsIndirectInputEvents[sdk=iphonesimulator*]" = YES;
				"INFOPLIST_KEY_UILaunchScreen_Generation[sdk=iphoneos*]" = YES;
				"INFOPLIST_KEY_UILaunchScreen_Generation[sdk=iphonesimulator*]" = YES;
				"INFOPLIST_KEY_UIStatusBarStyle[sdk=iphoneos*]" = UIStatusBarStyleDefault;
				"INFOPLIST_KEY_UIStatusBarStyle[sdk=iphonesimulator*]" = UIStatusBarStyleDefault;
				INFOPLIST_KEY_UISupportedInterfaceOrientations_iPad = "UIInterfaceOrientationPortrait UIInterfaceOrientationPortraitUpsideDown UIInterfaceOrientationLandscapeLeft UIInterfaceOrientationLandscapeRight";
				INFOPLIST_KEY_UISupportedInterfaceOrientations_iPhone = "UIInterfaceOrientationPortrait UIInterfaceOrientationLandscapeLeft UIInterfaceOrientationLandscapeRight";
				IPHONEOS_DEPLOYMENT_TARGET = 17.4;
				LD_RUNPATH_SEARCH_PATHS = "@executable_path/Frameworks";
				"LD_RUNPATH_SEARCH_PATHS[sdk=macosx*]" = "@executable_path/../Frameworks";
				MACOSX_DEPLOYMENT_TARGET = 14.3;
				MARKETING_VERSION = 1.0;
				PRODUCT_BUNDLE_IDENTIFIER = com.superkookai.SwiftfulSwitUIinPractice;
				PRODUCT_NAME = "$(TARGET_NAME)";
				SDKROOT = auto;
				SUPPORTED_PLATFORMS = "iphoneos iphonesimulator macosx";
				SWIFT_EMIT_LOC_STRINGS = YES;
				SWIFT_VERSION = 5.0;
				TARGETED_DEVICE_FAMILY = "1,2";
			};
			name = Release;
		};
/* End XCBuildConfiguration section */

/* Begin XCConfigurationList section */
		BF5A18E42BB5185A0049A7A9 /* Build configuration list for PBXProject "SwiftfulSwitUIinPractice" */ = {
			isa = XCConfigurationList;
			buildConfigurations = (
				BF5A18F62BB5185B0049A7A9 /* Debug */,
				BF5A18F72BB5185B0049A7A9 /* Release */,
			);
			defaultConfigurationIsVisible = 0;
			defaultConfigurationName = Release;
		};
		BF5A18F82BB5185B0049A7A9 /* Build configuration list for PBXNativeTarget "SwiftfulSwitUIinPractice" */ = {
			isa = XCConfigurationList;
			buildConfigurations = (
				BF5A18F92BB5185B0049A7A9 /* Debug */,
				BF5A18FA2BB5185B0049A7A9 /* Release */,
			);
			defaultConfigurationIsVisible = 0;
			defaultConfigurationName = Release;
		};
/* End XCConfigurationList section */

/* Begin XCRemoteSwiftPackageReference section */
		BF5A18FB2BB519C50049A7A9 /* XCRemoteSwiftPackageReference "SDWebImageSwiftUI" */ = {
			isa = XCRemoteSwiftPackageReference;
			repositoryURL = "https://github.com/SDWebImage/SDWebImageSwiftUI.git";
			requirement = {
				kind = upToNextMajorVersion;
				minimumVersion = 3.0.2;
			};
		};
		BF5A19092BB5265E0049A7A9 /* XCRemoteSwiftPackageReference "SwiftfulUI" */ = {
			isa = XCRemoteSwiftPackageReference;
			repositoryURL = "https://github.com/SwiftfulThinking/SwiftfulUI.git";
			requirement = {
				kind = upToNextMajorVersion;
				minimumVersion = 1.2.0;
			};
		};
		BF5A190C2BB527500049A7A9 /* XCRemoteSwiftPackageReference "SwiftfulRouting" */ = {
			isa = XCRemoteSwiftPackageReference;
			repositoryURL = "https://github.com/SwiftfulThinking/SwiftfulRouting.git";
			requirement = {
				kind = upToNextMajorVersion;
				minimumVersion = 5.3.2;
			};
		};
/* End XCRemoteSwiftPackageReference section */

/* Begin XCSwiftPackageProductDependency section */
		BF5A18FC2BB519C50049A7A9 /* SDWebImageSwiftUI */ = {
			isa = XCSwiftPackageProductDependency;
			package = BF5A18FB2BB519C50049A7A9 /* XCRemoteSwiftPackageReference "SDWebImageSwiftUI" */;
			productName = SDWebImageSwiftUI;
		};
		BF5A190A2BB5265E0049A7A9 /* SwiftfulUI */ = {
			isa = XCSwiftPackageProductDependency;
			package = BF5A19092BB5265E0049A7A9 /* XCRemoteSwiftPackageReference "SwiftfulUI" */;
			productName = SwiftfulUI;
		};
		BF5A190D2BB527500049A7A9 /* SwiftfulRouting */ = {
			isa = XCSwiftPackageProductDependency;
			package = BF5A190C2BB527500049A7A9 /* XCRemoteSwiftPackageReference "SwiftfulRouting" */;
			productName = SwiftfulRouting;
		};
/* End XCSwiftPackageProductDependency section */
	};
	rootObject = BF5A18E12BB5185A0049A7A9 /* Project object */;
}
